
Microsoft Visual Studio Solution File, Format Version 12.00
# Visual Studio Version 17
VisualStudioVersion = 17.0.31903.59
MinimumVisualStudioVersion = 10.0.40219.1
Project("{FAE04EC0-301F-11D3-BF4B-00C04F79EFBC}") = "Puzzles", "Puzzles\Puzzles.csproj", "{EF2C5A9B-3699-4B4A-99CD-B2C20B9AF280}"
EndProject
Global
	GlobalSection(SolutionConfigurationPlatforms) = preSolution
		Debug|Any CPU = Debug|Any CPU
		Release|Any CPU = Release|Any CPU
	EndGlobalSection
	GlobalSection(SolutionProperties) = preSolution
		HideSolutionNode = FALSE
	EndGlobalSection
	GlobalSection(ProjectConfigurationPlatforms) = postSolution
		{EF2C5A9B-3699-4B4A-99CD-B2C20B9AF280}.Debug|Any CPU.ActiveCfg = Debug|Any CPU
		{EF2C5A9B-3699-4B4A-99CD-B2C20B9AF280}.Debug|Any CPU.Build.0 = Debug|Any CPU
		{EF2C5A9B-3699-4B4A-99CD-B2C20B9AF280}.Release|Any CPU.ActiveCfg = Release|Any CPU
		{EF2C5A9B-3699-4B4A-99CD-B2C20B9AF280}.Release|Any CPU.Build.0 = Release|Any CPU
	EndGlobalSection
EndGlobal
